// !$*UTF8*$!
{
	archiveVersion = 1;
	classes = {
	};
	objectVersion = 46;
	objects = {

/* Begin PBXBuildFile section */
		AA64BF311CA5B83B003FDD68 /* AppDelegate.swift in Sources */ = {isa = PBXBuildFile; fileRef = AA64BF301CA5B83B003FDD68 /* AppDelegate.swift */; };
		AA64BF331CA5B83B003FDD68 /* ViewController.swift in Sources */ = {isa = PBXBuildFile; fileRef = AA64BF321CA5B83B003FDD68 /* ViewController.swift */; };
		AA64BF361CA5B83B003FDD68 /* Main.storyboard in Resources */ = {isa = PBXBuildFile; fileRef = AA64BF341CA5B83B003FDD68 /* Main.storyboard */; };
		AA64BF381CA5B83B003FDD68 /* Assets.xcassets in Resources */ = {isa = PBXBuildFile; fileRef = AA64BF371CA5B83B003FDD68 /* Assets.xcassets */; };
		AA64BF3B1CA5B83B003FDD68 /* LaunchScreen.storyboard in Resources */ = {isa = PBXBuildFile; fileRef = AA64BF391CA5B83B003FDD68 /* LaunchScreen.storyboard */; };
		AA64BF431CA5B9E8003FDD68 /* pokemon.csv in Resources */ = {isa = PBXBuildFile; fileRef = AA64BF421CA5B9E8003FDD68 /* pokemon.csv */; };
/* End PBXBuildFile section */

/* Begin PBXFileReference section */
		AA64BF2D1CA5B83B003FDD68 /* Pokedex.app */ = {isa = PBXFileReference; explicitFileType = wrapper.application; includeInIndex = 0; path = Pokedex.app; sourceTree = BUILT_PRODUCTS_DIR; };
		AA64BF301CA5B83B003FDD68 /* AppDelegate.swift */ = {isa = PBXFileReference; lastKnownFileType = sourcecode.swift; path = AppDelegate.swift; sourceTree = "<group>"; };
		AA64BF321CA5B83B003FDD68 /* ViewController.swift */ = {isa = PBXFileReference; lastKnownFileType = sourcecode.swift; path = ViewController.swift; sourceTree = "<group>"; };
		AA64BF351CA5B83B003FDD68 /* Base */ = {isa = PBXFileReference; lastKnownFileType = file.storyboard; name = Base; path = Base.lproj/Main.storyboard; sourceTree = "<group>"; };
		AA64BF371CA5B83B003FDD68 /* Assets.xcassets */ = {isa = PBXFileReference; lastKnownFileType = folder.assetcatalog; path = Assets.xcassets; sourceTree = "<group>"; };
		AA64BF3A1CA5B83B003FDD68 /* Base */ = {isa = PBXFileReference; lastKnownFileType = file.storyboard; name = Base; path = Base.lproj/LaunchScreen.storyboard; sourceTree = "<group>"; };
		AA64BF3C1CA5B83B003FDD68 /* Info.plist */ = {isa = PBXFileReference; lastKnownFileType = text.plist.xml; path = Info.plist; sourceTree = "<group>"; };
		AA64BF421CA5B9E8003FDD68 /* pokemon.csv */ = {isa = PBXFileReference; fileEncoding = 4; lastKnownFileType = text; path = pokemon.csv; sourceTree = "<group>"; };
/* End PBXFileReference section */

/* Begin PBXFrameworksBuildPhase section */
		AA64BF2A1CA5B83B003FDD68 /* Frameworks */ = {
			isa = PBXFrameworksBuildPhase;
			buildActionMask = 2147483647;
			files = (
			);
			runOnlyForDeploymentPostprocessing = 0;
		};
/* End PBXFrameworksBuildPhase section */

/* Begin PBXGroup section */
		AA64BF241CA5B83B003FDD68 = {
			isa = PBXGroup;
			children = (
				AA64BF2F1CA5B83B003FDD68 /* Pokedex */,
				AA64BF2E1CA5B83B003FDD68 /* Products */,
			);
			sourceTree = "<group>";
		};
		AA64BF2E1CA5B83B003FDD68 /* Products */ = {
			isa = PBXGroup;
			children = (
				AA64BF2D1CA5B83B003FDD68 /* Pokedex.app */,
			);
			name = Products;
			sourceTree = "<group>";
		};
		AA64BF2F1CA5B83B003FDD68 /* Pokedex */ = {
			isa = PBXGroup;
			children = (
				AA64BF301CA5B83B003FDD68 /* AppDelegate.swift */,
				AA64BF321CA5B83B003FDD68 /* ViewController.swift */,
				AA64BF421CA5B9E8003FDD68 /* pokemon.csv */,
				AA64BF341CA5B83B003FDD68 /* Main.storyboard */,
				AA64BF371CA5B83B003FDD68 /* Assets.xcassets */,
				AA64BF391CA5B83B003FDD68 /* LaunchScreen.storyboard */,
				AA64BF3C1CA5B83B003FDD68 /* Info.plist */,
			);
			path = Pokedex;
			sourceTree = "<group>";
		};
/* End PBXGroup section */

/* Begin PBXNativeTarget section */
		AA64BF2C1CA5B83B003FDD68 /* Pokedex */ = {
			isa = PBXNativeTarget;
			buildConfigurationList = AA64BF3F1CA5B83B003FDD68 /* Build configuration list for PBXNativeTarget "Pokedex" */;
			buildPhases = (
				AA64BF291CA5B83B003FDD68 /* Sources */,
				AA64BF2A1CA5B83B003FDD68 /* Frameworks */,
				AA64BF2B1CA5B83B003FDD68 /* Resources */,
			);
			buildRules = (
			);
			dependencies = (
			);
			name = Pokedex;
			productName = Pokedex;
			productReference = AA64BF2D1CA5B83B003FDD68 /* Pokedex.app */;
			productType = "com.apple.product-type.application";
		};
/* End PBXNativeTarget section */

/* Begin PBXProject section */
		AA64BF251CA5B83B003FDD68 /* Project object */ = {
			isa = PBXProject;
			attributes = {
				LastSwiftUpdateCheck = 0730;
				LastUpgradeCheck = 0730;
				ORGANIZATIONNAME = "Gary Grape Productions";
				TargetAttributes = {
					AA64BF2C1CA5B83B003FDD68 = {
						CreatedOnToolsVersion = 7.3;
					};
				};
			};
			buildConfigurationList = AA64BF281CA5B83B003FDD68 /* Build configuration list for PBXProject "Pokedex" */;
			compatibilityVersion = "Xcode 3.2";
			developmentRegion = English;
			hasScannedForEncodings = 0;
			knownRegions = (
				en,
				Base,
			);
			mainGroup = AA64BF241CA5B83B003FDD68;
			productRefGroup = AA64BF2E1CA5B83B003FDD68 /* Products */;
			projectDirPath = "";
			projectRoot = "";
			targets = (
				AA64BF2C1CA5B83B003FDD68 /* Pokedex */,
			);
		};
/* End PBXProject section */

/* Begin PBXResourcesBuildPhase section */
		AA64BF2B1CA5B83B003FDD68 /* Resources */ = {
			isa = PBXResourcesBuildPhase;
			buildActionMask = 2147483647;
			files = (
				AA64BF3B1CA5B83B003FDD68 /* LaunchScreen.storyboard in Resources */,
				AA64BF381CA5B83B003FDD68 /* Assets.xcassets in Resources */,
				AA64BF431CA5B9E8003FDD68 /* pokemon.csv in Resources */,
				AA64BF361CA5B83B003FDD68 /* Main.storyboard in Resources */,
			);
			runOnlyForDeploymentPostprocessing = 0;
		};
/* End PBXResourcesBuildPhase section */

/* Begin PBXSourcesBuildPhase section */
		AA64BF291CA5B83B003FDD68 /* Sources */ = {
			isa = PBXSourcesBuildPhase;
			buildActionMask = 2147483647;
			files = (
				AA64BF331CA5B83B003FDD68 /* ViewController.swift in Sources */,
				AA64BF311CA5B83B003FDD68 /* AppDelegate.swift in Sources */,
			);
			runOnlyForDeploymentPostprocessing = 0;
		};
/* End PBXSourcesBuildPhase section */

/* Begin PBXVariantGroup section */
		AA64BF341CA5B83B003FDD68 /* Main.storyboard */ = {
			isa = PBXVariantGroup;
			children = (
				AA64BF351CA5B83B003FDD68 /* Base */,
			);
			name = Main.storyboard;
			sourceTree = "<group>";
		};
		AA64BF391CA5B83B003FDD68 /* LaunchScreen.storyboard */ = {
			isa = PBXVariantGroup;
			children = (
				AA64BF3A1CA5B83B003FDD68 /* Base */,
			);
			name = LaunchScreen.storyboard;
			sourceTree = "<group>";
		};
/* End PBXVariantGroup section */

/* Begin XCBuildConfiguration section */
		AA64BF3D1CA5B83B003FDD68 /* Debug */ = {
			isa = XCBuildConfiguration;
			buildSettings = {
				ALWAYS_SEARCH_USER_PATHS = NO;
				CLANG_ANALYZER_NONNULL = YES;
				CLANG_CXX_LANGUAGE_STANDARD = "gnu++0x";
				CLANG_CXX_LIBRARY = "libc++";
				CLANG_ENABLE_MODULES = YES;
				CLANG_ENABLE_OBJC_ARC = YES;
				CLANG_WARN_BOOL_CONVERSION = YES;
				CLANG_WARN_CONSTANT_CONVERSION = YES;
				CLANG_WARN_DIRECT_OBJC_ISA_USAGE = YES_ERROR;
				CLANG_WARN_EMPTY_BODY = YES;
				CLANG_WARN_ENUM_CONVERSION = YES;
				CLANG_WARN_INT_CONVERSION = YES;
				CLANG_WARN_OBJC_ROOT_CLASS = YES_ERROR;
				CLANG_WARN_UNREACHABLE_CODE = YES;
				CLANG_WARN__DUPLICATE_METHOD_MATCH = YES;
				"CODE_SIGN_IDENTITY[sdk=iphoneos*]" = "iPhone Developer";
				COPY_PHASE_STRIP = NO;
				DEBUG_INFORMATION_FORMAT = dwarf;
				ENABLE_STRICT_OBJC_MSGSEND = YES;
				ENABLE_TESTABILITY = YES;
				GCC_C_LANGUAGE_STANDARD = gnu99;
				GCC_DYNAMIC_NO_PIC = NO;
				GCC_NO_COMMON_BLOCKS = YES;
				GCC_OPTIMIZATION_LEVEL = 0;
				GCC_PREPROCESSOR_DEFINITIONS = (
					"DEBUG=1",
					"$(inherited)",
				);
				GCC_WARN_64_TO_32_BIT_CONVERSION = YES;
				GCC_WARN_ABOUT_RETURN_TYPE = YES_ERROR;
				GCC_WARN_UNDECLARED_SELECTOR = YES;
				GCC_WARN_UNINITIALIZED_AUTOS = YES_AGGRESSIVE;
				GCC_WARN_UNUSED_FUNCTION = YES;
				GCC_WARN_UNUSED_VARIABLE = YES;
				IPHONEOS_DEPLOYMENT_TARGET = 9.3;
				MTL_ENABLE_DEBUG_INFO = YES;
				ONLY_ACTIVE_ARCH = YES;
				SDKROOT = iphoneos;
				SWIFT_OPTIMIZATION_LEVEL = "-Onone";
				TARGETED_DEVICE_FAMILY = "1,2";
			};
			name = Debug;
		};
		AA64BF3E1CA5B83B003FDD68 /* Release */ = {
			isa = XCBuildConfiguration;
			buildSettings = {
				ALWAYS_SEARCH_USER_PATHS = NO;
				CLANG_ANALYZER_NONNULL = YES;
				CLANG_CXX_LANGUAGE_STANDARD = "gnu++0x";
				CLANG_CXX_LIBRARY = "libc++";
				CLANG_ENABLE_MODULES = YES;
				CLANG_ENABLE_OBJC_ARC = YES;
				CLANG_WARN_BOOL_CONVERSION = YES;
				CLANG_WARN_CONSTANT_CONVERSION = YES;
				CLANG_WARN_DIRECT_OBJC_ISA_USAGE = YES_ERROR;
				CLANG_WARN_EMPTY_BODY = YES;
				CLANG_WARN_ENUM_CONVERSION = YES;
				CLANG_WARN_INT_CONVERSION = YES;
				CLANG_WARN_OBJC_ROOT_CLASS = YES_ERROR;
				CLANG_WARN_UNREACHABLE_CODE = YES;
				CLANG_WARN__DUPLICATE_METHOD_MATCH = YES;
				"CODE_SIGN_IDENTITY[sdk=iphoneos*]" = "iPhone Developer";
				COPY_PHASE_STRIP = NO;
				DEBUG_INFORMATION_FORMAT = "dwarf-with-dsym";
				ENABLE_NS_ASSERTIONS = NO;
				ENABLE_STRICT_OBJC_MSGSEND = YES;
				GCC_C_LANGUAGE_STANDARD = gnu99;
				GCC_NO_COMMON_BLOCKS = YES;
				GCC_WARN_64_TO_32_BIT_CONVERSION = YES;
				GCC_WARN_ABOUT_RETURN_TYPE = YES_ERROR;
				GCC_WARN_UNDECLARED_SELECTOR = YES;
				GCC_WARN_UNINITIALIZED_AUTOS = YES_AGGRESSIVE;
				GCC_WARN_UNUSED_FUNCTION = YES;
				GCC_WARN_UNUSED_VARIABLE = YES;
				IPHONEOS_DEPLOYMENT_TARGET = 9.3;
				MTL_ENABLE_DEBUG_INFO = NO;
				SDKROOT = iphoneos;
				TARGETED_DEVICE_FAMILY = "1,2";
				VALIDATE_PRODUCT = YES;
			};
			name = Release;
		};
		AA64BF401CA5B83B003FDD68 /* Debug */ = {
			isa = XCBuildConfiguration;
			buildSettings = {
				ASSETCATALOG_COMPILER_APPICON_NAME = AppIcon;
				INFOPLIST_FILE = Pokedex/Info.plist;
				LD_RUNPATH_SEARCH_PATHS = "$(inherited) @executable_path/Frameworks";
				PRODUCT_BUNDLE_IDENTIFIER = io.garygrapeproductions.Pokedex;
				PRODUCT_NAME = "$(TARGET_NAME)";
			};
			name = Debug;
		};
		AA64BF411CA5B83B003FDD68 /* Release */ = {
			isa = XCBuildConfiguration;
			buildSettings = {
				ASSETCATALOG_COMPILER_APPICON_NAME = AppIcon;
				INFOPLIST_FILE = Pokedex/Info.plist;
				LD_RUNPATH_SEARCH_PATHS = "$(inherited) @executable_path/Frameworks";
				PRODUCT_BUNDLE_IDENTIFIER = io.garygrapeproductions.Pokedex;
				PRODUCT_NAME = "$(TARGET_NAME)";
			};
			name = Release;
		};
/* End XCBuildConfiguration section */

/* Begin XCConfigurationList section */
		AA64BF281CA5B83B003FDD68 /* Build configuration list for PBXProject "Pokedex" */ = {
			isa = XCConfigurationList;
			buildConfigurations = (
				AA64BF3D1CA5B83B003FDD68 /* Debug */,
				AA64BF3E1CA5B83B003FDD68 /* Release */,
			);
			defaultConfigurationIsVisible = 0;
			defaultConfigurationName = Release;
		};
		AA64BF3F1CA5B83B003FDD68 /* Build configuration list for PBXNativeTarget "Pokedex" */ = {
			isa = XCConfigurationList;
			buildConfigurations = (
				AA64BF401CA5B83B003FDD68 /* Debug */,
				AA64BF411CA5B83B003FDD68 /* Release */,
			);
			defaultConfigurationIsVisible = 0;
		};
/* End XCConfigurationList section */
	};
	rootObject = AA64BF251CA5B83B003FDD68 /* Project object */;
}
